
Microsoft Visual Studio Solution File, Format Version 12.00
# Visual Studio Version 17
VisualStudioVersion = 17.9.34622.214
MinimumVisualStudioVersion = 10.0.40219.1
Project("{FAE04EC0-301F-11D3-BF4B-00C04F79EFBC}") = "Po1300_AnimacePohyb", "Po1300_AnimacePohyb\Po1300_AnimacePohyb.csproj", "{99B08E45-1C28-4D37-8F8E-2C30CFF17907}"
EndProject
Global
	GlobalSection(SolutionConfigurationPlatforms) = preSolution
		Debug|Any CPU = Debug|Any CPU
		Release|Any CPU = Release|Any CPU
	EndGlobalSection
	GlobalSection(ProjectConfigurationPlatforms) = postSolution
		{99B08E45-1C28-4D37-8F8E-2C30CFF17907}.Debug|Any CPU.ActiveCfg = Debug|Any CPU
		{99B08E45-1C28-4D37-8F8E-2C30CFF17907}.Debug|Any CPU.Build.0 = Debug|Any CPU
		{99B08E45-1C28-4D37-8F8E-2C30CFF17907}.Release|Any CPU.ActiveCfg = Release|Any CPU
		{99B08E45-1C28-4D37-8F8E-2C30CFF17907}.Release|Any CPU.Build.0 = Release|Any CPU
	EndGlobalSection
	GlobalSection(SolutionProperties) = preSolution
		HideSolutionNode = FALSE
	EndGlobalSection
	GlobalSection(ExtensibilityGlobals) = postSolution
		SolutionGuid = {92CF6DDC-5971-40DF-AB8E-EC8956C9AC1A}
	EndGlobalSection
EndGlobal
